// !$*UTF8*$!
{
	archiveVersion = 1;
	classes = {
	};
	objectVersion = 56;
	objects = {

/* Begin PBXBuildFile section */
		A0B5AD25EC89331CF2297B1E /* Pods_Messenger.framework in Frameworks */ = {isa = PBXBuildFile; fileRef = FD09D1A28C95113F05438690 /* Pods_Messenger.framework */; };
		AD0758D52A7593FA00FAE8C8 /* GoogleService-Info.plist in Resources */ = {isa = PBXBuildFile; fileRef = AD0758D42A7593FA00FAE8C8 /* GoogleService-Info.plist */; };
		AD4B99372A5684C400E2B34C /* LoginViewController.swift in Sources */ = {isa = PBXBuildFile; fileRef = AD4B99362A5684C400E2B34C /* LoginViewController.swift */; };
		AD4B99392A5684D300E2B34C /* RegisterViewController.swift in Sources */ = {isa = PBXBuildFile; fileRef = AD4B99382A5684D300E2B34C /* RegisterViewController.swift */; };
		AD4B993B2A5684FC00E2B34C /* PhotoViewerViewController.swift in Sources */ = {isa = PBXBuildFile; fileRef = AD4B993A2A5684FC00E2B34C /* PhotoViewerViewController.swift */; };
		AD4B993D2A56850900E2B34C /* VideoPlayerViewController.swift in Sources */ = {isa = PBXBuildFile; fileRef = AD4B993C2A56850900E2B34C /* VideoPlayerViewController.swift */; };
		AD4B993F2A56853600E2B34C /* NewConversationViewController.swift in Sources */ = {isa = PBXBuildFile; fileRef = AD4B993E2A56853600E2B34C /* NewConversationViewController.swift */; };
		AD4B99412A56854700E2B34C /* ProfileViewController.swift in Sources */ = {isa = PBXBuildFile; fileRef = AD4B99402A56854700E2B34C /* ProfileViewController.swift */; };
		AD4B99442A568C4F00E2B34C /* Extensions.swift in Sources */ = {isa = PBXBuildFile; fileRef = AD4B99432A568C4F00E2B34C /* Extensions.swift */; };
		AD7E8F202A7D3BD0000DE080 /* DatabaseManager.swift in Sources */ = {isa = PBXBuildFile; fileRef = AD7E8F1F2A7D3BD0000DE080 /* DatabaseManager.swift */; };
		ADAEB2F12A55F1440060C6FA /* AppDelegate.swift in Sources */ = {isa = PBXBuildFile; fileRef = ADAEB2F02A55F1440060C6FA /* AppDelegate.swift */; };
		ADAEB2F32A55F1440060C6FA /* SceneDelegate.swift in Sources */ = {isa = PBXBuildFile; fileRef = ADAEB2F22A55F1440060C6FA /* SceneDelegate.swift */; };
		ADAEB2F52A55F1440060C6FA /* ConverstaionsViewController.swift in Sources */ = {isa = PBXBuildFile; fileRef = ADAEB2F42A55F1440060C6FA /* ConverstaionsViewController.swift */; };
		ADAEB2F82A55F1440060C6FA /* Main.storyboard in Resources */ = {isa = PBXBuildFile; fileRef = ADAEB2F62A55F1440060C6FA /* Main.storyboard */; };
		ADAEB2FA2A55F1450060C6FA /* Assets.xcassets in Resources */ = {isa = PBXBuildFile; fileRef = ADAEB2F92A55F1450060C6FA /* Assets.xcassets */; };
		ADAEB2FD2A55F1450060C6FA /* LaunchScreen.storyboard in Resources */ = {isa = PBXBuildFile; fileRef = ADAEB2FB2A55F1450060C6FA /* LaunchScreen.storyboard */; };
/* End PBXBuildFile section */

/* Begin PBXFileReference section */
		0C837169669AF601294AF749 /* Pods-Messenger.debug.xcconfig */ = {isa = PBXFileReference; includeInIndex = 1; lastKnownFileType = text.xcconfig; name = "Pods-Messenger.debug.xcconfig"; path = "Target Support Files/Pods-Messenger/Pods-Messenger.debug.xcconfig"; sourceTree = "<group>"; };
		AD0758D42A7593FA00FAE8C8 /* GoogleService-Info.plist */ = {isa = PBXFileReference; fileEncoding = 4; lastKnownFileType = text.plist.xml; path = "GoogleService-Info.plist"; sourceTree = "<group>"; };
		AD4B99362A5684C400E2B34C /* LoginViewController.swift */ = {isa = PBXFileReference; lastKnownFileType = sourcecode.swift; path = LoginViewController.swift; sourceTree = "<group>"; };
		AD4B99382A5684D300E2B34C /* RegisterViewController.swift */ = {isa = PBXFileReference; lastKnownFileType = sourcecode.swift; path = RegisterViewController.swift; sourceTree = "<group>"; };
		AD4B993A2A5684FC00E2B34C /* PhotoViewerViewController.swift */ = {isa = PBXFileReference; lastKnownFileType = sourcecode.swift; path = PhotoViewerViewController.swift; sourceTree = "<group>"; };
		AD4B993C2A56850900E2B34C /* VideoPlayerViewController.swift */ = {isa = PBXFileReference; lastKnownFileType = sourcecode.swift; path = VideoPlayerViewController.swift; sourceTree = "<group>"; };
		AD4B993E2A56853600E2B34C /* NewConversationViewController.swift */ = {isa = PBXFileReference; lastKnownFileType = sourcecode.swift; path = NewConversationViewController.swift; sourceTree = "<group>"; };
		AD4B99402A56854700E2B34C /* ProfileViewController.swift */ = {isa = PBXFileReference; lastKnownFileType = sourcecode.swift; path = ProfileViewController.swift; sourceTree = "<group>"; };
		AD4B99432A568C4F00E2B34C /* Extensions.swift */ = {isa = PBXFileReference; lastKnownFileType = sourcecode.swift; path = Extensions.swift; sourceTree = "<group>"; };
		AD7E8F1F2A7D3BD0000DE080 /* DatabaseManager.swift */ = {isa = PBXFileReference; lastKnownFileType = sourcecode.swift; path = DatabaseManager.swift; sourceTree = "<group>"; };
		ADAEB2ED2A55F1440060C6FA /* Messenger.app */ = {isa = PBXFileReference; explicitFileType = wrapper.application; includeInIndex = 0; path = Messenger.app; sourceTree = BUILT_PRODUCTS_DIR; };
		ADAEB2F02A55F1440060C6FA /* AppDelegate.swift */ = {isa = PBXFileReference; lastKnownFileType = sourcecode.swift; path = AppDelegate.swift; sourceTree = "<group>"; };
		ADAEB2F22A55F1440060C6FA /* SceneDelegate.swift */ = {isa = PBXFileReference; lastKnownFileType = sourcecode.swift; path = SceneDelegate.swift; sourceTree = "<group>"; };
		ADAEB2F42A55F1440060C6FA /* ConverstaionsViewController.swift */ = {isa = PBXFileReference; lastKnownFileType = sourcecode.swift; path = ConverstaionsViewController.swift; sourceTree = "<group>"; };
		ADAEB2F72A55F1440060C6FA /* Base */ = {isa = PBXFileReference; lastKnownFileType = file.storyboard; name = Base; path = Base.lproj/Main.storyboard; sourceTree = "<group>"; };
		ADAEB2F92A55F1450060C6FA /* Assets.xcassets */ = {isa = PBXFileReference; lastKnownFileType = folder.assetcatalog; path = Assets.xcassets; sourceTree = "<group>"; };
		ADAEB2FC2A55F1450060C6FA /* Base */ = {isa = PBXFileReference; lastKnownFileType = file.storyboard; name = Base; path = Base.lproj/LaunchScreen.storyboard; sourceTree = "<group>"; };
		ADAEB2FE2A55F1450060C6FA /* Info.plist */ = {isa = PBXFileReference; lastKnownFileType = text.plist.xml; path = Info.plist; sourceTree = "<group>"; };
		CD2FFAAF15B995A9873B8152 /* Pods-Messenger.release.xcconfig */ = {isa = PBXFileReference; includeInIndex = 1; lastKnownFileType = text.xcconfig; name = "Pods-Messenger.release.xcconfig"; path = "Target Support Files/Pods-Messenger/Pods-Messenger.release.xcconfig"; sourceTree = "<group>"; };
		FD09D1A28C95113F05438690 /* Pods_Messenger.framework */ = {isa = PBXFileReference; explicitFileType = wrapper.framework; includeInIndex = 0; path = Pods_Messenger.framework; sourceTree = BUILT_PRODUCTS_DIR; };
/* End PBXFileReference section */

/* Begin PBXFrameworksBuildPhase section */
		ADAEB2EA2A55F1440060C6FA /* Frameworks */ = {
			isa = PBXFrameworksBuildPhase;
			buildActionMask = 2147483647;
			files = (
				A0B5AD25EC89331CF2297B1E /* Pods_Messenger.framework in Frameworks */,
			);
			runOnlyForDeploymentPostprocessing = 0;
		};
/* End PBXFrameworksBuildPhase section */

/* Begin PBXGroup section */
		34A147B04C5947F6BCAB6706 /* Frameworks */ = {
			isa = PBXGroup;
			children = (
				FD09D1A28C95113F05438690 /* Pods_Messenger.framework */,
			);
			name = Frameworks;
			sourceTree = "<group>";
		};
		9BC83B1E8D7644E81E547211 /* Pods */ = {
			isa = PBXGroup;
			children = (
				0C837169669AF601294AF749 /* Pods-Messenger.debug.xcconfig */,
				CD2FFAAF15B995A9873B8152 /* Pods-Messenger.release.xcconfig */,
			);
			path = Pods;
			sourceTree = "<group>";
		};
		AD4B99312A56819A00E2B34C /* Resources */ = {
			isa = PBXGroup;
			children = (
				ADAEB2F02A55F1440060C6FA /* AppDelegate.swift */,
				ADAEB2F22A55F1440060C6FA /* SceneDelegate.swift */,
				AD4B99432A568C4F00E2B34C /* Extensions.swift */,
				AD7E8F1F2A7D3BD0000DE080 /* DatabaseManager.swift */,
			);
			path = Resources;
			sourceTree = "<group>";
		};
		AD4B99322A5681A300E2B34C /* Views */ = {
			isa = PBXGroup;
			children = (
				ADAEB2F92A55F1450060C6FA /* Assets.xcassets */,
				ADAEB2F62A55F1440060C6FA /* Main.storyboard */,
				ADAEB2FB2A55F1450060C6FA /* LaunchScreen.storyboard */,
			);
			path = Views;
			sourceTree = "<group>";
		};
		AD4B99332A5681A800E2B34C /* Models */ = {
			isa = PBXGroup;
			children = (
			);
			path = Models;
			sourceTree = "<group>";
		};
		AD4B99342A5681B200E2B34C /* ViewModels */ = {
			isa = PBXGroup;
			children = (
			);
			path = ViewModels;
			sourceTree = "<group>";
		};
		AD4B99352A5681BA00E2B34C /* Controllers */ = {
			isa = PBXGroup;
			children = (
				ADAEB2F42A55F1440060C6FA /* ConverstaionsViewController.swift */,
				AD4B99422A56891400E2B34C /* login-register */,
				AD4B993A2A5684FC00E2B34C /* PhotoViewerViewController.swift */,
				AD4B993C2A56850900E2B34C /* VideoPlayerViewController.swift */,
				AD4B993E2A56853600E2B34C /* NewConversationViewController.swift */,
				AD4B99402A56854700E2B34C /* ProfileViewController.swift */,
			);
			path = Controllers;
			sourceTree = "<group>";
		};
		AD4B99422A56891400E2B34C /* login-register */ = {
			isa = PBXGroup;
			children = (
				AD4B99362A5684C400E2B34C /* LoginViewController.swift */,
				AD4B99382A5684D300E2B34C /* RegisterViewController.swift */,
			);
			path = "login-register";
			sourceTree = "<group>";
		};
		ADAEB2E42A55F1440060C6FA = {
			isa = PBXGroup;
			children = (
				ADAEB2EF2A55F1440060C6FA /* Messenger */,
				ADAEB2EE2A55F1440060C6FA /* Products */,
				9BC83B1E8D7644E81E547211 /* Pods */,
				34A147B04C5947F6BCAB6706 /* Frameworks */,
			);
			sourceTree = "<group>";
		};
		ADAEB2EE2A55F1440060C6FA /* Products */ = {
			isa = PBXGroup;
			children = (
				ADAEB2ED2A55F1440060C6FA /* Messenger.app */,
			);
			name = Products;
			sourceTree = "<group>";
		};
		ADAEB2EF2A55F1440060C6FA /* Messenger */ = {
			isa = PBXGroup;
			children = (
				AD4B99312A56819A00E2B34C /* Resources */,
				AD4B99332A5681A800E2B34C /* Models */,
				AD4B99322A5681A300E2B34C /* Views */,
				AD4B99342A5681B200E2B34C /* ViewModels */,
				AD4B99352A5681BA00E2B34C /* Controllers */,
				AD0758D42A7593FA00FAE8C8 /* GoogleService-Info.plist */,
				ADAEB2FE2A55F1450060C6FA /* Info.plist */,
			);
			path = Messenger;
			sourceTree = "<group>";
		};
/* End PBXGroup section */

/* Begin PBXNativeTarget section */
		ADAEB2EC2A55F1440060C6FA /* Messenger */ = {
			isa = PBXNativeTarget;
			buildConfigurationList = ADAEB3012A55F1450060C6FA /* Build configuration list for PBXNativeTarget "Messenger" */;
			buildPhases = (
				3678E2466C3650785B149868 /* [CP] Check Pods Manifest.lock */,
				ADAEB2E92A55F1440060C6FA /* Sources */,
				ADAEB2EA2A55F1440060C6FA /* Frameworks */,
				ADAEB2EB2A55F1440060C6FA /* Resources */,
				ECB695FBC64A039AECE7748C /* [CP] Embed Pods Frameworks */,
			);
			buildRules = (
			);
			dependencies = (
			);
			name = Messenger;
			productName = Messenger;
			productReference = ADAEB2ED2A55F1440060C6FA /* Messenger.app */;
			productType = "com.apple.product-type.application";
		};
/* End PBXNativeTarget section */

/* Begin PBXProject section */
		ADAEB2E52A55F1440060C6FA /* Project object */ = {
			isa = PBXProject;
			attributes = {
				BuildIndependentTargetsInParallel = 1;
				LastSwiftUpdateCheck = 1420;
				LastUpgradeCheck = 1420;
				TargetAttributes = {
					ADAEB2EC2A55F1440060C6FA = {
						CreatedOnToolsVersion = 14.2;
					};
				};
			};
			buildConfigurationList = ADAEB2E82A55F1440060C6FA /* Build configuration list for PBXProject "Messenger" */;
			compatibilityVersion = "Xcode 14.0";
			developmentRegion = en;
			hasScannedForEncodings = 0;
			knownRegions = (
				en,
				Base,
			);
			mainGroup = ADAEB2E42A55F1440060C6FA;
			productRefGroup = ADAEB2EE2A55F1440060C6FA /* Products */;
			projectDirPath = "";
			projectRoot = "";
			targets = (
				ADAEB2EC2A55F1440060C6FA /* Messenger */,
			);
		};
/* End PBXProject section */

/* Begin PBXResourcesBuildPhase section */
		ADAEB2EB2A55F1440060C6FA /* Resources */ = {
			isa = PBXResourcesBuildPhase;
			buildActionMask = 2147483647;
			files = (
				ADAEB2FD2A55F1450060C6FA /* LaunchScreen.storyboard in Resources */,
				AD0758D52A7593FA00FAE8C8 /* GoogleService-Info.plist in Resources */,
				ADAEB2FA2A55F1450060C6FA /* Assets.xcassets in Resources */,
				ADAEB2F82A55F1440060C6FA /* Main.storyboard in Resources */,
			);
			runOnlyForDeploymentPostprocessing = 0;
		};
/* End PBXResourcesBuildPhase section */

/* Begin PBXShellScriptBuildPhase section */
		3678E2466C3650785B149868 /* [CP] Check Pods Manifest.lock */ = {
			isa = PBXShellScriptBuildPhase;
			buildActionMask = 2147483647;
			files = (
			);
			inputFileListPaths = (
			);
			inputPaths = (
				"${PODS_PODFILE_DIR_PATH}/Podfile.lock",
				"${PODS_ROOT}/Manifest.lock",
			);
			name = "[CP] Check Pods Manifest.lock";
			outputFileListPaths = (
			);
			outputPaths = (
				"$(DERIVED_FILE_DIR)/Pods-Messenger-checkManifestLockResult.txt",
			);
			runOnlyForDeploymentPostprocessing = 0;
			shellPath = /bin/sh;
			shellScript = "diff \"${PODS_PODFILE_DIR_PATH}/Podfile.lock\" \"${PODS_ROOT}/Manifest.lock\" > /dev/null\nif [ $? != 0 ] ; then\n    # print error to STDERR\n    echo \"error: The sandbox is not in sync with the Podfile.lock. Run 'pod install' or update your CocoaPods installation.\" >&2\n    exit 1\nfi\n# This output is used by Xcode 'outputs' to avoid re-running this script phase.\necho \"SUCCESS\" > \"${SCRIPT_OUTPUT_FILE_0}\"\n";
			showEnvVarsInLog = 0;
		};
		ECB695FBC64A039AECE7748C /* [CP] Embed Pods Frameworks */ = {
			isa = PBXShellScriptBuildPhase;
			buildActionMask = 2147483647;
			files = (
			);
			inputFileListPaths = (
				"${PODS_ROOT}/Target Support Files/Pods-Messenger/Pods-Messenger-frameworks-${CONFIGURATION}-input-files.xcfilelist",
			);
			name = "[CP] Embed Pods Frameworks";
			outputFileListPaths = (
				"${PODS_ROOT}/Target Support Files/Pods-Messenger/Pods-Messenger-frameworks-${CONFIGURATION}-output-files.xcfilelist",
			);
			runOnlyForDeploymentPostprocessing = 0;
			shellPath = /bin/sh;
			shellScript = "\"${PODS_ROOT}/Target Support Files/Pods-Messenger/Pods-Messenger-frameworks.sh\"\n";
			showEnvVarsInLog = 0;
		};
/* End PBXShellScriptBuildPhase section */

/* Begin PBXSourcesBuildPhase section */
		ADAEB2E92A55F1440060C6FA /* Sources */ = {
			isa = PBXSourcesBuildPhase;
			buildActionMask = 2147483647;
			files = (
				AD4B99372A5684C400E2B34C /* LoginViewController.swift in Sources */,
				AD7E8F202A7D3BD0000DE080 /* DatabaseManager.swift in Sources */,
				AD4B99392A5684D300E2B34C /* RegisterViewController.swift in Sources */,
				AD4B993F2A56853600E2B34C /* NewConversationViewController.swift in Sources */,
				ADAEB2F52A55F1440060C6FA /* ConverstaionsViewController.swift in Sources */,
				AD4B993D2A56850900E2B34C /* VideoPlayerViewController.swift in Sources */,
				AD4B99442A568C4F00E2B34C /* Extensions.swift in Sources */,
				ADAEB2F12A55F1440060C6FA /* AppDelegate.swift in Sources */,
				AD4B99412A56854700E2B34C /* ProfileViewController.swift in Sources */,
				ADAEB2F32A55F1440060C6FA /* SceneDelegate.swift in Sources */,
				AD4B993B2A5684FC00E2B34C /* PhotoViewerViewController.swift in Sources */,
			);
			runOnlyForDeploymentPostprocessing = 0;
		};
/* End PBXSourcesBuildPhase section */

/* Begin PBXVariantGroup section */
		ADAEB2F62A55F1440060C6FA /* Main.storyboard */ = {
			isa = PBXVariantGroup;
			children = (
				ADAEB2F72A55F1440060C6FA /* Base */,
			);
			name = Main.storyboard;
			sourceTree = "<group>";
		};
		ADAEB2FB2A55F1450060C6FA /* LaunchScreen.storyboard */ = {
			isa = PBXVariantGroup;
			children = (
				ADAEB2FC2A55F1450060C6FA /* Base */,
			);
			name = LaunchScreen.storyboard;
			sourceTree = "<group>";
		};
/* End PBXVariantGroup section */

/* Begin XCBuildConfiguration section */
		ADAEB2FF2A55F1450060C6FA /* Debug */ = {
			isa = XCBuildConfiguration;
			buildSettings = {
				ALWAYS_SEARCH_USER_PATHS = NO;
				CLANG_ANALYZER_NONNULL = YES;
				CLANG_ANALYZER_NUMBER_OBJECT_CONVERSION = YES_AGGRESSIVE;
				CLANG_CXX_LANGUAGE_STANDARD = "gnu++20";
				CLANG_ENABLE_MODULES = YES;
				CLANG_ENABLE_OBJC_ARC = YES;
				CLANG_ENABLE_OBJC_WEAK = YES;
				CLANG_WARN_BLOCK_CAPTURE_AUTORELEASING = YES;
				CLANG_WARN_BOOL_CONVERSION = YES;
				CLANG_WARN_COMMA = YES;
				CLANG_WARN_CONSTANT_CONVERSION = YES;
				CLANG_WARN_DEPRECATED_OBJC_IMPLEMENTATIONS = YES;
				CLANG_WARN_DIRECT_OBJC_ISA_USAGE = YES_ERROR;
				CLANG_WARN_DOCUMENTATION_COMMENTS = YES;
				CLANG_WARN_EMPTY_BODY = YES;
				CLANG_WARN_ENUM_CONVERSION = YES;
				CLANG_WARN_INFINITE_RECURSION = YES;
				CLANG_WARN_INT_CONVERSION = YES;
				CLANG_WARN_NON_LITERAL_NULL_CONVERSION = YES;
				CLANG_WARN_OBJC_IMPLICIT_RETAIN_SELF = YES;
				CLANG_WARN_OBJC_LITERAL_CONVERSION = YES;
				CLANG_WARN_OBJC_ROOT_CLASS = YES_ERROR;
				CLANG_WARN_QUOTED_INCLUDE_IN_FRAMEWORK_HEADER = YES;
				CLANG_WARN_RANGE_LOOP_ANALYSIS = YES;
				CLANG_WARN_STRICT_PROTOTYPES = YES;
				CLANG_WARN_SUSPICIOUS_MOVE = YES;
				CLANG_WARN_UNGUARDED_AVAILABILITY = YES_AGGRESSIVE;
				CLANG_WARN_UNREACHABLE_CODE = YES;
				CLANG_WARN__DUPLICATE_METHOD_MATCH = YES;
				COPY_PHASE_STRIP = NO;
				DEBUG_INFORMATION_FORMAT = dwarf;
				ENABLE_STRICT_OBJC_MSGSEND = YES;
				ENABLE_TESTABILITY = YES;
				GCC_C_LANGUAGE_STANDARD = gnu11;
				GCC_DYNAMIC_NO_PIC = NO;
				GCC_NO_COMMON_BLOCKS = YES;
				GCC_OPTIMIZATION_LEVEL = 0;
				GCC_PREPROCESSOR_DEFINITIONS = (
					"DEBUG=1",
					"$(inherited)",
				);
				GCC_WARN_64_TO_32_BIT_CONVERSION = YES;
				GCC_WARN_ABOUT_RETURN_TYPE = YES_ERROR;
				GCC_WARN_UNDECLARED_SELECTOR = YES;
				GCC_WARN_UNINITIALIZED_AUTOS = YES_AGGRESSIVE;
				GCC_WARN_UNUSED_FUNCTION = YES;
				GCC_WARN_UNUSED_VARIABLE = YES;
				IPHONEOS_DEPLOYMENT_TARGET = 16.2;
				MTL_ENABLE_DEBUG_INFO = INCLUDE_SOURCE;
				MTL_FAST_MATH = YES;
				ONLY_ACTIVE_ARCH = YES;
				SDKROOT = iphoneos;
				SWIFT_ACTIVE_COMPILATION_CONDITIONS = DEBUG;
				SWIFT_OPTIMIZATION_LEVEL = "-Onone";
			};
			name = Debug;
		};
		ADAEB3002A55F1450060C6FA /* Release */ = {
			isa = XCBuildConfiguration;
			buildSettings = {
				ALWAYS_SEARCH_USER_PATHS = NO;
				CLANG_ANALYZER_NONNULL = YES;
				CLANG_ANALYZER_NUMBER_OBJECT_CONVERSION = YES_AGGRESSIVE;
				CLANG_CXX_LANGUAGE_STANDARD = "gnu++20";
				CLANG_ENABLE_MODULES = YES;
				CLANG_ENABLE_OBJC_ARC = YES;
				CLANG_ENABLE_OBJC_WEAK = YES;
				CLANG_WARN_BLOCK_CAPTURE_AUTORELEASING = YES;
				CLANG_WARN_BOOL_CONVERSION = YES;
				CLANG_WARN_COMMA = YES;
				CLANG_WARN_CONSTANT_CONVERSION = YES;
				CLANG_WARN_DEPRECATED_OBJC_IMPLEMENTATIONS = YES;
				CLANG_WARN_DIRECT_OBJC_ISA_USAGE = YES_ERROR;
				CLANG_WARN_DOCUMENTATION_COMMENTS = YES;
				CLANG_WARN_EMPTY_BODY = YES;
				CLANG_WARN_ENUM_CONVERSION = YES;
				CLANG_WARN_INFINITE_RECURSION = YES;
				CLANG_WARN_INT_CONVERSION = YES;
				CLANG_WARN_NON_LITERAL_NULL_CONVERSION = YES;
				CLANG_WARN_OBJC_IMPLICIT_RETAIN_SELF = YES;
				CLANG_WARN_OBJC_LITERAL_CONVERSION = YES;
				CLANG_WARN_OBJC_ROOT_CLASS = YES_ERROR;
				CLANG_WARN_QUOTED_INCLUDE_IN_FRAMEWORK_HEADER = YES;
				CLANG_WARN_RANGE_LOOP_ANALYSIS = YES;
				CLANG_WARN_STRICT_PROTOTYPES = YES;
				CLANG_WARN_SUSPICIOUS_MOVE = YES;
				CLANG_WARN_UNGUARDED_AVAILABILITY = YES_AGGRESSIVE;
				CLANG_WARN_UNREACHABLE_CODE = YES;
				CLANG_WARN__DUPLICATE_METHOD_MATCH = YES;
				COPY_PHASE_STRIP = NO;
				DEBUG_INFORMATION_FORMAT = "dwarf-with-dsym";
				ENABLE_NS_ASSERTIONS = NO;
				ENABLE_STRICT_OBJC_MSGSEND = YES;
				GCC_C_LANGUAGE_STANDARD = gnu11;
				GCC_NO_COMMON_BLOCKS = YES;
				GCC_WARN_64_TO_32_BIT_CONVERSION = YES;
				GCC_WARN_ABOUT_RETURN_TYPE = YES_ERROR;
				GCC_WARN_UNDECLARED_SELECTOR = YES;
				GCC_WARN_UNINITIALIZED_AUTOS = YES_AGGRESSIVE;
				GCC_WARN_UNUSED_FUNCTION = YES;
				GCC_WARN_UNUSED_VARIABLE = YES;
				IPHONEOS_DEPLOYMENT_TARGET = 16.2;
				MTL_ENABLE_DEBUG_INFO = NO;
				MTL_FAST_MATH = YES;
				SDKROOT = iphoneos;
				SWIFT_COMPILATION_MODE = wholemodule;
				SWIFT_OPTIMIZATION_LEVEL = "-O";
				VALIDATE_PRODUCT = YES;
			};
			name = Release;
		};
		ADAEB3022A55F1450060C6FA /* Debug */ = {
			isa = XCBuildConfiguration;
			baseConfigurationReference = 0C837169669AF601294AF749 /* Pods-Messenger.debug.xcconfig */;
			buildSettings = {
				ASSETCATALOG_COMPILER_APPICON_NAME = AppIcon;
				ASSETCATALOG_COMPILER_GLOBAL_ACCENT_COLOR_NAME = AccentColor;
				CODE_SIGN_STYLE = Automatic;
				CURRENT_PROJECT_VERSION = 1;
				DEVELOPMENT_TEAM = 92M23D65YY;
				GENERATE_INFOPLIST_FILE = YES;
				INFOPLIST_FILE = Messenger/Info.plist;
				INFOPLIST_KEY_UIApplicationSupportsIndirectInputEvents = YES;
				INFOPLIST_KEY_UILaunchStoryboardName = LaunchScreen;
				INFOPLIST_KEY_UIMainStoryboardFile = Main;
				INFOPLIST_KEY_UISupportedInterfaceOrientations = UIInterfaceOrientationPortrait;
				LD_RUNPATH_SEARCH_PATHS = (
					"$(inherited)",
					"@executable_path/Frameworks",
				);
				MARKETING_VERSION = 1.0;
				PRODUCT_BUNDLE_IDENTIFIER = com.akbarshah.Messenger;
				PRODUCT_NAME = "$(TARGET_NAME)";
				SWIFT_EMIT_LOC_STRINGS = YES;
				SWIFT_VERSION = 5.0;
				TARGETED_DEVICE_FAMILY = "1,2";
			};
			name = Debug;
		};
		ADAEB3032A55F1450060C6FA /* Release */ = {
			isa = XCBuildConfiguration;
			baseConfigurationReference = CD2FFAAF15B995A9873B8152 /* Pods-Messenger.release.xcconfig */;
			buildSettings = {
				ASSETCATALOG_COMPILER_APPICON_NAME = AppIcon;
				ASSETCATALOG_COMPILER_GLOBAL_ACCENT_COLOR_NAME = AccentColor;
				CODE_SIGN_STYLE = Automatic;
				CURRENT_PROJECT_VERSION = 1;
				DEVELOPMENT_TEAM = 92M23D65YY;
				GENERATE_INFOPLIST_FILE = YES;
				INFOPLIST_FILE = Messenger/Info.plist;
				INFOPLIST_KEY_UIApplicationSupportsIndirectInputEvents = YES;
				INFOPLIST_KEY_UILaunchStoryboardName = LaunchScreen;
				INFOPLIST_KEY_UIMainStoryboardFile = Main;
				INFOPLIST_KEY_UISupportedInterfaceOrientations = UIInterfaceOrientationPortrait;
				LD_RUNPATH_SEARCH_PATHS = (
					"$(inherited)",
					"@executable_path/Frameworks",
				);
				MARKETING_VERSION = 1.0;
				PRODUCT_BUNDLE_IDENTIFIER = com.akbarshah.Messenger;
				PRODUCT_NAME = "$(TARGET_NAME)";
				SWIFT_EMIT_LOC_STRINGS = YES;
				SWIFT_VERSION = 5.0;
				TARGETED_DEVICE_FAMILY = "1,2";
			};
			name = Release;
		};
/* End XCBuildConfiguration section */

/* Begin XCConfigurationList section */
		ADAEB2E82A55F1440060C6FA /* Build configuration list for PBXProject "Messenger" */ = {
			isa = XCConfigurationList;
			buildConfigurations = (
				ADAEB2FF2A55F1450060C6FA /* Debug */,
				ADAEB3002A55F1450060C6FA /* Release */,
			);
			defaultConfigurationIsVisible = 0;
			defaultConfigurationName = Release;
		};
		ADAEB3012A55F1450060C6FA /* Build configuration list for PBXNativeTarget "Messenger" */ = {
			isa = XCConfigurationList;
			buildConfigurations = (
				ADAEB3022A55F1450060C6FA /* Debug */,
				ADAEB3032A55F1450060C6FA /* Release */,
			);
			defaultConfigurationIsVisible = 0;
			defaultConfigurationName = Release;
		};
/* End XCConfigurationList section */
	};
	rootObject = ADAEB2E52A55F1440060C6FA /* Project object */;
}
